# generated by rye
# use `rye lock` or `rye sync` to update this lockfile
#
# last locked with the following flags:
#   pre: false
#   features: []
#   all-features: false
#   with-sources: false
#   generate-hashes: false
#   universal: false

-e file:.
anyio==4.3.0
    # via httpx
    # via jupyter-server
    # via watchfiles
anywidget==0.9.11
    # via pyobsplot
argon2-cffi==23.1.0
    # via jupyter-server
argon2-cffi-bindings==21.2.0
    # via argon2-cffi
arrow==1.3.0
    # via isoduration
asttokens==2.4.1
    # via stack-data
async-lru==2.0.4
    # via jupyterlab
attrs==23.2.0
    # via fiona
    # via jsonschema
    # via referencing
babel==2.15.0
    # via jupyterlab-server
beautifulsoup4==4.12.3
    # via nbconvert
bleach==6.1.0
    # via nbconvert
certifi==2024.2.2
    # via fiona
    # via httpcore
    # via httpx
    # via pyproj
    # via requests
cffi==1.16.0
    # via argon2-cffi-bindings
charset-normalizer==3.3.2
    # via requests
click==8.1.7
    # via click-plugins
    # via cligj
    # via fiona
click-plugins==1.1.1
    # via fiona
cligj==0.7.2
    # via fiona
comm==0.2.2
    # via anywidget
    # via ipykernel
    # via ipywidgets
debugpy==1.8.1
    # via ipykernel
decorator==5.1.1
    # via ipython
defusedxml==0.7.1
    # via nbconvert
executing==2.0.1
    # via stack-data
fastjsonschema==2.19.1
    # via nbformat
fiona==1.9.6
    # via geopandas
fqdn==1.5.1
    # via jsonschema
geopandas==0.14.4
greenlet==3.0.3
    # via playwright
h11==0.14.0
    # via httpcore
httpcore==1.0.5
    # via httpx
httpx==0.27.0
    # via jupyterlab
idna==3.7
    # via anyio
    # via httpx
    # via jsonschema
    # via requests
iniconfig==2.0.0
    # via pytest
ipykernel==6.29.4
    # via jupyterlab
ipython==8.24.0
    # via ipykernel
    # via ipywidgets
ipywidgets==8.1.2
    # via anywidget
isoduration==20.11.0
    # via jsonschema
jedi==0.19.1
    # via ipython
jinja2==3.1.4
    # via jupyter-server
    # via jupyterlab
    # via jupyterlab-server
    # via nbconvert
json5==0.9.25
    # via jupyterlab-server
jsonpointer==2.4
    # via jsonschema
jsonschema==4.22.0
    # via jupyter-events
    # via jupyterlab-server
    # via nbformat
jsonschema-specifications==2023.12.1
    # via jsonschema
jupyter-client==8.6.2
    # via ipykernel
    # via jupyter-server
    # via nbclient
jupyter-core==5.7.2
    # via ipykernel
    # via jupyter-client
    # via jupyter-server
    # via jupyterlab
    # via nbclient
    # via nbconvert
    # via nbformat
jupyter-events==0.10.0
    # via jupyter-server
jupyter-lsp==2.2.5
    # via jupyterlab
jupyter-server==2.14.0
    # via jupyter-lsp
    # via jupyterlab
    # via jupyterlab-server
    # via notebook-shim
jupyter-server-terminals==0.5.3
    # via jupyter-server
jupyterlab==4.2.1
jupyterlab-pygments==0.3.0
    # via nbconvert
jupyterlab-server==2.27.2
    # via jupyterlab
jupyterlab-widgets==3.0.10
    # via ipywidgets
markupsafe==2.1.5
    # via jinja2
    # via nbconvert
matplotlib-inline==0.1.7
    # via ipykernel
    # via ipython
mistune==3.0.2
    # via nbconvert
nbclient==0.10.0
    # via nbconvert
nbconvert==7.16.4
    # via jupyter-server
nbformat==5.10.4
    # via jupyter-server
    # via nbclient
    # via nbconvert
nest-asyncio==1.6.0
    # via ipykernel
notebook-shim==0.2.4
    # via jupyterlab
numpy==1.26.4
    # via geopandas
    # via pandas
    # via pyarrow
    # via shapely
overrides==7.7.0
    # via jupyter-server
packaging==24.0
    # via geopandas
    # via ipykernel
    # via jupyter-server
    # via jupyterlab
    # via jupyterlab-server
    # via nbconvert
    # via pytest
pandas==2.2.2
    # via geopandas
    # via pyobsplot
pandocfilters==1.5.1
    # via nbconvert
parso==0.8.4
    # via jedi
pexpect==4.9.0
    # via ipython
platformdirs==4.2.2
    # via jupyter-core
playwright==1.44.0
pluggy==1.5.0
    # via pytest
polars==1.4.1
    # via pyobsplot
prometheus-client==0.20.0
    # via jupyter-server
prompt-toolkit==3.0.43
    # via ipython
psutil==5.9.8
    # via ipykernel
psygnal==0.11.1
    # via anywidget
ptyprocess==0.7.0
    # via pexpect
    # via terminado
pure-eval==0.2.2
    # via stack-data
pyarrow==17.0.0
    # via pyobsplot
pycparser==2.22
    # via cffi
pyee==11.1.0
    # via playwright
pygments==2.18.0
    # via ipython
    # via nbconvert
pyproj==3.6.1
    # via geopandas
pytest==8.2.1
python-dateutil==2.9.0.post0
    # via arrow
    # via jupyter-client
    # via pandas
python-json-logger==2.0.7
    # via jupyter-events
pytz==2024.1
    # via pandas
pyyaml==6.0.1
    # via jupyter-events
pyzmq==26.0.3
    # via ipykernel
    # via jupyter-client
    # via jupyter-server
referencing==0.35.1
    # via jsonschema
    # via jsonschema-specifications
    # via jupyter-events
requests==2.32.2
    # via jupyterlab-server
    # via pyobsplot
rfc3339-validator==0.1.4
    # via jsonschema
    # via jupyter-events
rfc3986-validator==0.1.1
    # via jsonschema
    # via jupyter-events
rpds-py==0.18.1
    # via jsonschema
    # via referencing
send2trash==1.8.3
    # via jupyter-server
shapely==2.0.4
    # via geopandas
six==1.16.0
    # via asttokens
    # via bleach
    # via fiona
    # via python-dateutil
    # via rfc3339-validator
sniffio==1.3.1
    # via anyio
    # via httpx
soupsieve==2.5
    # via beautifulsoup4
stack-data==0.6.3
    # via ipython
terminado==0.18.1
    # via jupyter-server
    # via jupyter-server-terminals
tinycss2==1.3.0
    # via nbconvert
tornado==6.4
    # via ipykernel
    # via jupyter-client
    # via jupyter-server
    # via jupyterlab
    # via terminado
traitlets==5.14.3
    # via comm
    # via ipykernel
    # via ipython
    # via ipywidgets
    # via jupyter-client
    # via jupyter-core
    # via jupyter-events
    # via jupyter-server
    # via jupyterlab
    # via matplotlib-inline
    # via nbclient
    # via nbconvert
    # via nbformat
types-python-dateutil==2.9.0.20240316
    # via arrow
typing-extensions==4.12.0
    # via anywidget
    # via ipython
    # via pyee
typst==0.11.1
    # via pyobsplot
tzdata==2024.1
    # via pandas
uri-template==1.3.0
    # via jsonschema
urllib3==2.2.1
    # via requests
watchfiles==0.21.0
    # via anywidget
wcwidth==0.2.13
    # via prompt-toolkit
webcolors==1.13
    # via jsonschema
webencodings==0.5.1
    # via bleach
    # via tinycss2
websocket-client==1.8.0
    # via jupyter-server
widgetsnbextension==4.0.10
    # via ipywidgets
